{
  "name": "homebridge-esp8266-fan",
  "version": "0.1.2",
  "lockfileVersion": 3,
  "requires": true,
  "packages": {
    "": {
      "name": "homebridge-esp8266-fan",
      "version": "0.1.2",
      "license": "MIT",
      "dependencies": {
        "@oznu/ws-connect": "0.0.4"
      },
      "engines": {
        "homebridge": ">=0.2.5",
        "node": ">=6.9.1"
      }
    },
    "node_modules/@oznu/ws-connect": {
      "version": "0.0.4",
      "resolved": "https://registry.npmjs.org/@oznu/ws-connect/-/ws-connect-0.0.4.tgz",
      "integrity": "sha512-qRv9UC9dvr+m9k0AcadpCWoNw7SHnOtgzz8TdRf1KFImDJGRPVVc+3seazqM3/huE4HBAQU6SkcLvngoe1G11w==",
      "license": "MIT",
      "dependencies": {
        "ws": "^4.0.0"
      }
    },
    "node_modules/async-limiter": {
      "version": "1.0.1",
      "resolved": "https://registry.npmjs.org/async-limiter/-/async-limiter-1.0.1.tgz",
      "integrity": "sha512-csOlWGAcRFJaI6m+F2WKdnMKr4HhdhFVBk0H/QbJFMCr+uO2kwohwXQPxw/9OCxp05r5ghVBFSyioixx3gfkNQ==",
      "license": "MIT"
    },
    "node_modules/safe-buffer": {
      "version": "5.1.2",
      "resolved": "https://registry.npmjs.org/safe-buffer/-/safe-buffer-5.1.2.tgz",
      "integrity": "sha512-Gd2UZBJDkXlY7GbJxfsE8/nvKkUEU1G38c1siN6QP6a9PT9MmHB8GnpscSmMJSoF8LOIrt8ud/wPtojys4G6+g==",
      "license": "MIT"
    },
    "node_modules/ws": {
      "version": "4.1.0",
      "resolved": "https://registry.npmjs.org/ws/-/ws-4.1.0.tgz",
      "integrity": "sha512-ZGh/8kF9rrRNffkLFV4AzhvooEclrOH0xaugmqGsIfFgOE/pIz4fMc4Ef+5HSQqTEug2S9JZIWDR47duDSLfaA==",
      "license": "MIT",
      "dependencies": {
        "async-limiter": "~1.0.0",
        "safe-buffer": "~5.1.0"
      }
    }
  }
}
